<?xml version="1.0" encoding="utf-8"?>
<Project ToolsVersion="4.0" xmlns="http://schemas.microsoft.com/developer/msbuild/2003">
  <ItemGroup>
    <Filter Include="Framework">
      <UniqueIdentifier>{7628d18e-4235-4448-840c-59c02d6d644b}</UniqueIdentifier>
    </Filter>
    <Filter Include="Game">
      <UniqueIdentifier>{d4cee6d7-9c5a-4d12-8b24-581c0f165a67}</UniqueIdentifier>
    </Filter>
    <Filter Include="Framework\Windows">
      <UniqueIdentifier>{4e3482b1-f2d8-4aa8-9125-97a8da72816c}</UniqueIdentifier>
    </Filter>
    <Filter Include="Framework\Sprite">
      <UniqueIdentifier>{60d2c332-6e55-45b7-b661-2659a1a2bcc4}</UniqueIdentifier>
    </Filter>
    <Filter Include="Framework\Input">
      <UniqueIdentifier>{0d656f2e-53c4-43f7-906a-398ed40f83c2}</UniqueIdentifier>
    </Filter>
    <Filter Include="Framework\Timer">
      <UniqueIdentifier>{a8fc0df6-b5ad-4485-bf96-29f3833dd96c}</UniqueIdentifier>
    </Filter>
    <Filter Include="Game\CGame">
      <UniqueIdentifier>{6ea69618-c1e6-4951-b767-05725bd02658}</UniqueIdentifier>
    </Filter>
    <Filter Include="Game\CGame\cpp">
      <UniqueIdentifier>{5ee5074a-bbf4-4a1d-8337-4af78347d219}</UniqueIdentifier>
    </Filter>
    <Filter Include="Game\stdafx">
      <UniqueIdentifier>{d29b7d04-e56d-452e-a269-d0405646404e}</UniqueIdentifier>
    </Filter>
    <Filter Include="Game\WinMain">
      <UniqueIdentifier>{b88197d8-70c2-47c4-881a-b6832eabbf53}</UniqueIdentifier>
    </Filter>
    <Filter Include="Game\Utill">
      <UniqueIdentifier>{2dd7cbca-8e96-422a-afd9-47ec60dfaa7e}</UniqueIdentifier>
    </Filter>
    <Filter Include="Framework\Timer\cpp">
      <UniqueIdentifier>{141f5a45-c8f0-4b6d-a0d2-095315917746}</UniqueIdentifier>
    </Filter>
    <Filter Include="Framework\Windows\cpp">
      <UniqueIdentifier>{1e52286a-7f7b-4d4f-b600-37c475325aa1}</UniqueIdentifier>
    </Filter>
    <Filter Include="Framework\Sprite\cpp">
      <UniqueIdentifier>{a598e827-06ea-4967-9fbc-97f228c16034}</UniqueIdentifier>
    </Filter>
    <Filter Include="Framework\Input\cpp">
      <UniqueIdentifier>{b253234a-9bc1-4611-9979-5bab72c0ba2d}</UniqueIdentifier>
    </Filter>
    <Filter Include="Game\Entity">
      <UniqueIdentifier>{6688b440-a067-47c7-9dcf-ef78aaa14549}</UniqueIdentifier>
    </Filter>
    <Filter Include="Game\TEST">
      <UniqueIdentifier>{33d348d7-166c-4f50-a859-e03ef75dd5f5}</UniqueIdentifier>
    </Filter>
    <Filter Include="Framework\Typography">
      <UniqueIdentifier>{74708610-570c-4d2e-a28d-e8d60686de04}</UniqueIdentifier>
    </Filter>
    <Filter Include="Framework\Typography\cpp">
      <UniqueIdentifier>{da88ffd0-eba5-4832-8a69-da61662ad17c}</UniqueIdentifier>
    </Filter>
    <Filter Include="Framework\Camera">
      <UniqueIdentifier>{bd18e6af-473b-4e7a-8dea-5813665e3568}</UniqueIdentifier>
    </Filter>
    <Filter Include="Game\Scene">
      <UniqueIdentifier>{de1c7e28-409b-41ea-8b2d-df67189dbc68}</UniqueIdentifier>
    </Filter>
    <Filter Include="Game\Scene\cpp">
      <UniqueIdentifier>{8f0c5e2f-c203-4485-9050-cdee4d215b4d}</UniqueIdentifier>
    </Filter>
    <Filter Include="Polygon">
      <UniqueIdentifier>{ffba13e7-f8ca-4589-ba3b-e15cadba0d8e}</UniqueIdentifier>
    </Filter>
    <Filter Include="Polygon\Box2D">
      <UniqueIdentifier>{e8655775-92cc-4791-b15b-c3bfd60ac145}</UniqueIdentifier>
    </Filter>
    <Filter Include="Polygon\Box2D\cpp">
      <UniqueIdentifier>{2d35b91b-700b-40b5-8347-bf30100bcfb0}</UniqueIdentifier>
    </Filter>
    <Filter Include="Polygon\Polygon%28Base%29">
      <UniqueIdentifier>{9ab5997b-21f1-42f5-9cad-e3e04855d4ae}</UniqueIdentifier>
    </Filter>
    <Filter Include="Polygon\Polygon%28Base%29\cpp">
      <UniqueIdentifier>{ccd3b4f7-ea36-4df4-bb0f-cd76a1505754}</UniqueIdentifier>
    </Filter>
    <Filter Include="Game\State">
      <UniqueIdentifier>{9281d50e-116f-4945-bcf7-1549d3eeed39}</UniqueIdentifier>
    </Filter>
    <Filter Include="Game\State\Parent">
      <UniqueIdentifier>{e51d8fe6-2f94-4e0f-9991-a973f01c3799}</UniqueIdentifier>
    </Filter>
    <Filter Include="Game\State\Parent\cpp">
      <UniqueIdentifier>{25f87179-b2ae-4286-8f78-0d6194c3360b}</UniqueIdentifier>
    </Filter>
    <Filter Include="Game\State\Children">
      <UniqueIdentifier>{e736fa0b-60d4-4786-a233-2fdfad4d5cbc}</UniqueIdentifier>
    </Filter>
    <Filter Include="Game\State\Children\cpp">
      <UniqueIdentifier>{83483afb-53d1-4e96-aa28-c9b25a3380dd}</UniqueIdentifier>
    </Filter>
    <Filter Include="Framework\Camera\cpp">
      <UniqueIdentifier>{c82f94e3-c1e3-45e9-a219-87524a6e299d}</UniqueIdentifier>
    </Filter>
    <Filter Include="Algorithm">
      <UniqueIdentifier>{ed5c13c2-f964-4069-8098-ff6001f0ac6c}</UniqueIdentifier>
    </Filter>
    <Filter Include="Algorithm\SweptAABB">
      <UniqueIdentifier>{356ceb7b-1cf9-4ec2-9c17-e9c08c9f92ae}</UniqueIdentifier>
    </Filter>
    <Filter Include="Game\Entity\Base">
      <UniqueIdentifier>{f704c1f2-5be0-43e1-9601-905254fc87f0}</UniqueIdentifier>
    </Filter>
    <Filter Include="Game\Entity\Base\cpp">
      <UniqueIdentifier>{805820e3-08ff-4bbc-98c8-f3391894b57d}</UniqueIdentifier>
    </Filter>
    <Filter Include="Game\Entity\Children">
      <UniqueIdentifier>{772fb4e3-6551-4b27-afc3-70b8cc2dc2a6}</UniqueIdentifier>
    </Filter>
    <Filter Include="Game\Entity\Children\Boss">
      <UniqueIdentifier>{eb78e6ac-5650-4058-88cd-8214f64e72d6}</UniqueIdentifier>
    </Filter>
    <Filter Include="Game\Entity\Children\Mod">
      <UniqueIdentifier>{3858d857-00e7-457c-84c9-3b7b55e8f28c}</UniqueIdentifier>
    </Filter>
    <Filter Include="Game\Entity\Children\Player">
      <UniqueIdentifier>{791a0e78-043b-444b-b2ed-5549a89c5a46}</UniqueIdentifier>
    </Filter>
    <Filter Include="Game\Entity\Children\Player\cpp">
      <UniqueIdentifier>{75adf925-f133-4665-a1e8-4246dfe47a22}</UniqueIdentifier>
    </Filter>
    <Filter Include="Algorithm\Collision">
      <UniqueIdentifier>{8bd82b04-8ec1-4191-bf21-5ddab73c7591}</UniqueIdentifier>
    </Filter>
    <Filter Include="Game\Entity\Children\Mod\cpp">
      <UniqueIdentifier>{28c998b2-7d36-4ee5-8324-477f4fb8bcfd}</UniqueIdentifier>
    </Filter>
    <Filter Include="Game\Entity\Children\Boss\cpp">
      <UniqueIdentifier>{ef3c7356-9a00-48b3-a45c-d07474b17d8d}</UniqueIdentifier>
    </Filter>
    <Filter Include="Game\Entity\Children\Bullet">
      <UniqueIdentifier>{11b7d92d-367b-4cf2-a69f-5fbd60092181}</UniqueIdentifier>
    </Filter>
    <Filter Include="Game\Entity\Children\Bullet\cpp">
      <UniqueIdentifier>{938d492f-707b-4bfc-abaa-0976f8ff5fc1}</UniqueIdentifier>
    </Filter>
    <Filter Include="Algorithm\Quadtree">
      <UniqueIdentifier>{44201cab-7353-4940-8d8a-1560fc1ba542}</UniqueIdentifier>
    </Filter>
    <Filter Include="Template">
      <UniqueIdentifier>{5b1d7c9b-e700-47cd-9925-40c2ba8a09aa}</UniqueIdentifier>
    </Filter>
    <Filter Include="Template\Factory">
      <UniqueIdentifier>{d7da7b2d-94ad-41ca-87ba-464cef19f69c}</UniqueIdentifier>
    </Filter>
    <Filter Include="Template\ObjectPool">
      <UniqueIdentifier>{ac1aebda-f853-43da-8337-9d48732ecb8f}</UniqueIdentifier>
    </Filter>
    <Filter Include="Template\Singleton">
      <UniqueIdentifier>{b9beb86f-1bc2-430c-a3ac-5fc3353f4389}</UniqueIdentifier>
    </Filter>
    <Filter Include="Algorithm\Quadtree\cpp">
      <UniqueIdentifier>{31c33f42-8471-4fa2-8ab4-3ad3843f21b4}</UniqueIdentifier>
    </Filter>
    <Filter Include="Game\Entity\Children\Map">
      <UniqueIdentifier>{27f9bdb6-e504-46bd-bb63-5ddc67f255e5}</UniqueIdentifier>
    </Filter>
    <Filter Include="Game\Entity\Children\Map\cpp">
      <UniqueIdentifier>{5764008a-e080-4aa2-bae2-62baf8c72520}</UniqueIdentifier>
    </Filter>
  </ItemGroup>
  <ItemGroup>
    <ClCompile Include="Class\Framework\Timer.cpp">
      <Filter>Framework\Timer\cpp</Filter>
    </ClCompile>
    <ClCompile Include="Class\Game\Game\Game.cpp">
      <Filter>Game\CGame\cpp</Filter>
    </ClCompile>
    <ClCompile Include="Class\Framework\Windows.cpp">
      <Filter>Framework\Windows\cpp</Filter>
    </ClCompile>
    <ClCompile Include="Class\Framework\Sprite.cpp">
      <Filter>Framework\Sprite\cpp</Filter>
    </ClCompile>
    <ClCompile Include="Class\Game\WinMain.cpp">
      <Filter>Game\WinMain</Filter>
    </ClCompile>
    <ClCompile Include="Class\Framework\KeyBoard.cpp">
      <Filter>Framework\Input\cpp</Filter>
    </ClCompile>
    <ClCompile Include="Class\Game\Test\Test.cpp">
      <Filter>Game\TEST</Filter>
    </ClCompile>
    <ClCompile Include="Class\Game\Scene\MenuScene.cpp">
      <Filter>Game\Scene\cpp</Filter>
    </ClCompile>
    <ClCompile Include="Class\Mathematics\Polygon.cpp">
      <Filter>Polygon\Polygon%28Base%29\cpp</Filter>
    </ClCompile>
    <ClCompile Include="Class\Mathematics\Box2D.cpp">
      <Filter>Polygon\Box2D\cpp</Filter>
    </ClCompile>
    <ClCompile Include="Class\Game\Entity\MovableEntity.cpp">
      <Filter>Game\Entity\Base\cpp</Filter>
    </ClCompile>
    <ClCompile Include="Class\Framework\Camera.cpp">
      <Filter>Framework\Camera\cpp</Filter>
    </ClCompile>
    <ClCompile Include="Class\Game\Utill\InformationResource.cpp">
      <Filter>Game\Utill</Filter>
    </ClCompile>
    <ClCompile Include="Class\Framework\Text.cpp">
      <Filter>Framework\Typography\cpp</Filter>
    </ClCompile>
    <ClCompile Include="Class\Game\Scene\SelectStageScene.cpp">
      <Filter>Game\Scene\cpp</Filter>
    </ClCompile>
    <ClCompile Include="Class\Game\Scene\IntroStageScene.cpp">
      <Filter>Game\Scene\cpp</Filter>
    </ClCompile>
    <ClCompile Include="Class\Game\Scene\SceneManager.cpp">
      <Filter>Game\Scene\cpp</Filter>
    </ClCompile>
    <ClCompile Include="Class\Game\Scene\PlayScene.cpp">
      <Filter>Game\Scene\cpp</Filter>
    </ClCompile>
    <ClCompile Include="Class\Game\Entity\BaseEntity.cpp">
      <Filter>Game\Entity\Base\cpp</Filter>
    </ClCompile>
    <ClCompile Include="Class\Game\Entity\StaticEntity.cpp">
      <Filter>Game\Entity\Base\cpp</Filter>
    </ClCompile>
    <ClCompile Include="Class\Mathematics\Collision.cpp">
      <Filter>Algorithm\Collision</Filter>
    </ClCompile>
    <ClCompile Include="Class\Game\Scene\PopUpScene.cpp">
      <Filter>Game\Scene\cpp</Filter>
    </ClCompile>
    <ClCompile Include="Class\Game\Scene\GameOverScene.cpp">
      <Filter>Game\Scene\cpp</Filter>
    </ClCompile>
    <ClCompile Include="Class\Game\Entity\Player\Player.cpp">
      <Filter>Game\Entity\Children\Player\cpp</Filter>
    </ClCompile>
    <ClCompile Include="Class\Game\Entity\Enemy\BossCutMan.cpp">
      <Filter>Game\Entity\Children\Boss\cpp</Filter>
    </ClCompile>
    <ClCompile Include="Class\Game\Entity\Bullet\BulletManager.cpp">
      <Filter>Game\Entity\Children\Bullet\cpp</Filter>
    </ClCompile>
    <ClCompile Include="Class\Game\Entity\Bullet\BulletNormal.cpp">
      <Filter>Game\Entity\Children\Bullet\cpp</Filter>
    </ClCompile>
    <ClCompile Include="Class\Game\Entity\Enemy\EnemyBall.cpp">
      <Filter>Game\Entity\Children\Mod\cpp</Filter>
    </ClCompile>
    <ClCompile Include="Class\Game\Entity\Enemy\EnemyBubbleBlue.cpp">
      <Filter>Game\Entity\Children\Mod\cpp</Filter>
    </ClCompile>
    <ClCompile Include="Class\Game\Entity\Enemy\EnemyCut.cpp">
      <Filter>Game\Entity\Children\Mod\cpp</Filter>
    </ClCompile>
    <ClCompile Include="Class\Game\Entity\Enemy\EnemyEyeRed.cpp">
      <Filter>Game\Entity\Children\Mod\cpp</Filter>
    </ClCompile>
    <ClCompile Include="Class\Game\Entity\Enemy\EnemyFishOrange.cpp">
      <Filter>Game\Entity\Children\Mod\cpp</Filter>
    </ClCompile>
    <ClCompile Include="Class\Game\Entity\Enemy\EnemyInkBlue.cpp">
      <Filter>Game\Entity\Children\Mod\cpp</Filter>
    </ClCompile>
    <ClCompile Include="Class\Game\Entity\Enemy\EnemyMachineAutoOrange.cpp">
      <Filter>Game\Entity\Children\Mod\cpp</Filter>
    </ClCompile>
    <ClCompile Include="Class\Game\Entity\Enemy\EnemyMachineOrange.cpp">
      <Filter>Game\Entity\Children\Mod\cpp</Filter>
    </ClCompile>
    <ClCompile Include="Class\Game\Entity\Enemy\EnemyNinja.cpp">
      <Filter>Game\Entity\Children\Mod\cpp</Filter>
    </ClCompile>
    <ClCompile Include="Class\Game\Entity\Enemy\EnemyRobotRed.cpp">
      <Filter>Game\Entity\Children\Mod\cpp</Filter>
    </ClCompile>
    <ClCompile Include="Class\Game\Entity\Enemy\EnemyTankRed.cpp">
      <Filter>Game\Entity\Children\Mod\cpp</Filter>
    </ClCompile>
    <ClCompile Include="Class\Game\Algorithsm\QuadTree.cpp">
      <Filter>Algorithm\Quadtree\cpp</Filter>
    </ClCompile>
    <ClCompile Include="Class\Game\Algorithsm\QuadNode.cpp">
      <Filter>Algorithm\Quadtree\cpp</Filter>
    </ClCompile>
    <ClCompile Include="Class\Game\Entity\Bullet\BulletEnemyBall.cpp">
      <Filter>Game\Entity\Children\Bullet\cpp</Filter>
    </ClCompile>
    <ClCompile Include="Class\Game\Entity\Bullet\BulletMachineAutoOrange.cpp">
      <Filter>Game\Entity\Children\Bullet\cpp</Filter>
    </ClCompile>
    <ClCompile Include="Class\Game\Map\MapData.cpp">
      <Filter>Game\Entity\Children\Map\cpp</Filter>
    </ClCompile>
    <ClCompile Include="Class\Game\Map\MapManager.cpp">
      <Filter>Game\Entity\Children\Map\cpp</Filter>
    </ClCompile>
    <ClCompile Include="Class\Game\Entity\Tile\Tile.cpp">
      <Filter>Game\Entity\Children\Map\cpp</Filter>
    </ClCompile>
  </ItemGroup>
  <ItemGroup>
    <ClInclude Include="Class\Framework\Timer.h">
      <Filter>Framework\Timer</Filter>
    </ClInclude>
    <ClInclude Include="Class\Framework\Windows.h">
      <Filter>Framework\Windows</Filter>
    </ClInclude>
    <ClInclude Include="Class\Game\Game\Game.h">
      <Filter>Game\CGame</Filter>
    </ClInclude>
    <ClInclude Include="Class\Game\Utill\Config.h">
      <Filter>Game\Utill</Filter>
    </ClInclude>
    <ClInclude Include="Class\Game\Utill\stdafx.h">
      <Filter>Game\stdafx</Filter>
    </ClInclude>
    <ClInclude Include="Class\Framework\Sprite.h">
      <Filter>Framework\Sprite</Filter>
    </ClInclude>
    <ClInclude Include="Class\Framework\KeyBoard.h">
      <Filter>Framework\Input</Filter>
    </ClInclude>
    <ClInclude Include="Class\Game\Test\Test.h">
      <Filter>Game\TEST</Filter>
    </ClInclude>
    <ClInclude Include="Class\Game\Scene\BaseScene.h">
      <Filter>Game\Scene</Filter>
    </ClInclude>
    <ClInclude Include="Class\Game\Scene\MenuScene.h">
      <Filter>Game\Scene</Filter>
    </ClInclude>
    <ClInclude Include="Class\Framework\Camera.h">
      <Filter>Framework\Camera</Filter>
    </ClInclude>
    <ClInclude Include="Class\Mathematics\Box2D.h">
      <Filter>Polygon\Box2D</Filter>
    </ClInclude>
    <ClInclude Include="Class\Mathematics\Polygon.h">
      <Filter>Polygon\Polygon%28Base%29</Filter>
    </ClInclude>
    <ClInclude Include="Class\Game\Entity\MovableEntity.h">
      <Filter>Game\Entity\Base</Filter>
    </ClInclude>
    <ClInclude Include="Class\Game\Utill\InformationResource.h">
      <Filter>Game\Utill</Filter>
    </ClInclude>
    <ClInclude Include="Class\Framework\Text.h">
      <Filter>Framework\Typography</Filter>
    </ClInclude>
    <ClInclude Include="Class\Game\Scene\SceneManager.h">
      <Filter>Game\Scene</Filter>
    </ClInclude>
    <ClInclude Include="Class\Game\Scene\IntroStageScene.h">
      <Filter>Game\Scene</Filter>
    </ClInclude>
    <ClInclude Include="Class\Mathematics\SweptAABB.h">
      <Filter>Algorithm\SweptAABB</Filter>
    </ClInclude>
    <ClInclude Include="Class\Game\Scene\PlayScene.h">
      <Filter>Game\Scene</Filter>
    </ClInclude>
    <ClInclude Include="Class\Game\Entity\BaseEntity.h">
      <Filter>Game\Entity\Base</Filter>
    </ClInclude>
    <ClInclude Include="Class\Game\Entity\StaticEntity.h">
      <Filter>Game\Entity\Base</Filter>
    </ClInclude>
    <ClInclude Include="Class\Mathematics\Collision.h">
      <Filter>Algorithm\Collision</Filter>
    </ClInclude>
    <ClInclude Include="Class\Game\Scene\PopUpScene.h">
      <Filter>Game\Scene</Filter>
    </ClInclude>
    <ClInclude Include="Class\Game\Scene\GameOverScene.h">
      <Filter>Game\Scene</Filter>
    </ClInclude>
    <ClInclude Include="Class\Game\Algorithsm\CObjectPool.h">
      <Filter>Template\ObjectPool</Filter>
    </ClInclude>
    <ClInclude Include="Class\Game\Entity\Player\Player.h">
      <Filter>Game\Entity\Children\Player</Filter>
    </ClInclude>
    <ClInclude Include="Class\Game\Entity\Enemy\BossCutMan.h">
      <Filter>Game\Entity\Children\Boss</Filter>
    </ClInclude>
    <ClInclude Include="Class\Game\Entity\Bullet\BulletManager.h">
      <Filter>Game\Entity\Children\Bullet</Filter>
    </ClInclude>
    <ClInclude Include="Class\Game\Entity\Bullet\BulletNormal.h">
      <Filter>Game\Entity\Children\Bullet</Filter>
    </ClInclude>
    <ClInclude Include="Class\Game\Entity\Enemy\EnemyBall.h">
      <Filter>Game\Entity\Children\Mod</Filter>
    </ClInclude>
    <ClInclude Include="Class\Game\Entity\Enemy\EnemyBubbleBlue.h">
      <Filter>Game\Entity\Children\Mod</Filter>
    </ClInclude>
    <ClInclude Include="Class\Game\Entity\Enemy\EnemyCut.h">
      <Filter>Game\Entity\Children\Mod</Filter>
    </ClInclude>
    <ClInclude Include="Class\Game\Entity\Enemy\EnemyEyeRed.h">
      <Filter>Game\Entity\Children\Mod</Filter>
    </ClInclude>
    <ClInclude Include="Class\Game\Entity\Enemy\EnemyFishOrange.h">
      <Filter>Game\Entity\Children\Mod</Filter>
    </ClInclude>
    <ClInclude Include="Class\Game\Entity\Enemy\EnemyInkBlue.h">
      <Filter>Game\Entity\Children\Mod</Filter>
    </ClInclude>
    <ClInclude Include="Class\Game\Entity\Enemy\EnemyMachineAutoOrange.h">
      <Filter>Game\Entity\Children\Mod</Filter>
    </ClInclude>
    <ClInclude Include="Class\Game\Entity\Enemy\EnemyMachineOrange.h">
      <Filter>Game\Entity\Children\Mod</Filter>
    </ClInclude>
    <ClInclude Include="Class\Game\Entity\Enemy\EnemyNinja.h">
      <Filter>Game\Entity\Children\Mod</Filter>
    </ClInclude>
    <ClInclude Include="Class\Game\Entity\Enemy\EnemyRobotRed.h">
      <Filter>Game\Entity\Children\Mod</Filter>
    </ClInclude>
    <ClInclude Include="Class\Game\Entity\Enemy\EnemyTankRed.h">
      <Filter>Game\Entity\Children\Mod</Filter>
    </ClInclude>
    <ClInclude Include="Class\Game\Algorithsm\Singleton.h">
      <Filter>Template\Singleton</Filter>
    </ClInclude>
    <ClInclude Include="Class\Game\Algorithsm\QuadTree.h">
      <Filter>Algorithm\Quadtree</Filter>
    </ClInclude>
    <ClInclude Include="Class\Game\Algorithsm\QuadNode.h">
      <Filter>Algorithm\Quadtree</Filter>
    </ClInclude>
    <ClInclude Include="Class\Game\Scene\SelectStageScene.h">
      <Filter>Game\Scene</Filter>
    </ClInclude>
    <ClInclude Include="Class\Game\Entity\Bullet\BulletEnemyBall.h">
      <Filter>Game\Entity\Children\Bullet</Filter>
    </ClInclude>
    <ClInclude Include="Class\Game\Entity\Bullet\BulletMachineAutoOrange.h">
      <Filter>Game\Entity\Children\Bullet</Filter>
    </ClInclude>
    <ClInclude Include="Class\Game\Entity\Bullet\BaseBullet.h">
      <Filter>Game\Entity\Children\Bullet</Filter>
    </ClInclude>
    <ClInclude Include="Class\Game\Map\MapManager.h">
      <Filter>Game\Entity\Children\Map</Filter>
    </ClInclude>
    <ClInclude Include="Class\Game\Map\MapData.h">
      <Filter>Game\Entity\Children\Map</Filter>
    </ClInclude>
    <ClInclude Include="Class\Game\Entity\Tile\Tile.h">
      <Filter>Game\Entity\Children\Map</Filter>
    </ClInclude>
  </ItemGroup>
</Project>